
Microsoft Visual Studio Solution File, Format Version 12.00
# Visual Studio Version 17
VisualStudioVersion = 17.3.32901.215
MinimumVisualStudioVersion = 10.0.40219.1
Project("{FAE04EC0-301F-11D3-BF4B-00C04F79EFBC}") = "BizDayCalc", "BizDayCalc\BizDayCalc.csproj", "{740B54B5-3355-4087-8233-E6377F3375A0}"
EndProject
Project("{FAE04EC0-301F-11D3-BF4B-00C04F79EFBC}") = "BizDayCalcTests", "..\BizDayCalcTests\BizDayCalcTests.csproj", "{6F085370-FA4E-4389-8474-B27ED17A3164}"
EndProject
Global
	GlobalSection(SolutionConfigurationPlatforms) = preSolution
		Debug|Any CPU = Debug|Any CPU
		Release|Any CPU = Release|Any CPU
	EndGlobalSection
	GlobalSection(ProjectConfigurationPlatforms) = postSolution
		{740B54B5-3355-4087-8233-E6377F3375A0}.Debug|Any CPU.ActiveCfg = Debug|Any CPU
		{740B54B5-3355-4087-8233-E6377F3375A0}.Debug|Any CPU.Build.0 = Debug|Any CPU
		{740B54B5-3355-4087-8233-E6377F3375A0}.Release|Any CPU.ActiveCfg = Release|Any CPU
		{740B54B5-3355-4087-8233-E6377F3375A0}.Release|Any CPU.Build.0 = Release|Any CPU
		{6F085370-FA4E-4389-8474-B27ED17A3164}.Debug|Any CPU.ActiveCfg = Debug|Any CPU
		{6F085370-FA4E-4389-8474-B27ED17A3164}.Debug|Any CPU.Build.0 = Debug|Any CPU
		{6F085370-FA4E-4389-8474-B27ED17A3164}.Release|Any CPU.ActiveCfg = Release|Any CPU
		{6F085370-FA4E-4389-8474-B27ED17A3164}.Release|Any CPU.Build.0 = Release|Any CPU
	EndGlobalSection
	GlobalSection(SolutionProperties) = preSolution
		HideSolutionNode = FALSE
	EndGlobalSection
	GlobalSection(ExtensibilityGlobals) = postSolution
		SolutionGuid = {88CF793F-BAF0-4FAF-B1C1-F0DE19B7101F}
	EndGlobalSection
EndGlobal
